<Solution>
  <Project Path="src/ZeroAlloc.Authorization/ZeroAlloc.Authorization.csproj" />
  <Project Path="src/ZeroAlloc.Authorization.Generator/ZeroAlloc.Authorization.Generator.csproj" />
  <Project Path="samples/ZeroAlloc.Authorization.AotSmoke/ZeroAlloc.Authorization.AotSmoke.csproj" />
  <Project Path="benchmarks/ZeroAlloc.Authorization.Benchmarks/ZeroAlloc.Authorization.Benchmarks.csproj" />
  <Project Path="tests/ZeroAlloc.Authorization.Tests/ZeroAlloc.Authorization.Tests.csproj" />
  <Project Path="tests/ZeroAlloc.Authorization.Generator.Tests/ZeroAlloc.Authorization.Generator.Tests.csproj" />
  <Project Path="tests/ZeroAlloc.Authorization.PackSmoke/ZeroAlloc.Authorization.PackSmoke.csproj" />
</Solution>
